
Microsoft Visual Studio Solution File, Format Version 12.00
# Visual Studio Version 16
VisualStudioVersion = 16.0.31410.357
MinimumVisualStudioVersion = 10.0.40219.1
Project("{FAE04EC0-301F-11D3-BF4B-00C04F79EFBC}") = "ADC_Pos_Integration", "ADC_Pos_Integration.csproj", "{D25C1FC1-D922-4001-ACB9-162B1C8C230E}"
EndProject
Global
	GlobalSection(SolutionConfigurationPlatforms) = preSolution
		Debug|Any CPU = Debug|Any CPU
		Release|Any CPU = Release|Any CPU
	EndGlobalSection
	GlobalSection(ProjectConfigurationPlatforms) = postSolution
		{D25C1FC1-D922-4001-ACB9-162B1C8C230E}.Debug|Any CPU.ActiveCfg = Debug|Any CPU
		{D25C1FC1-D922-4001-ACB9-162B1C8C230E}.Debug|Any CPU.Build.0 = Debug|Any CPU
		{D25C1FC1-D922-4001-ACB9-162B1C8C230E}.Release|Any CPU.ActiveCfg = Release|Any CPU
		{D25C1FC1-D922-4001-ACB9-162B1C8C230E}.Release|Any CPU.Build.0 = Release|Any CPU
	EndGlobalSection
	GlobalSection(SolutionProperties) = preSolution
		HideSolutionNode = FALSE
	EndGlobalSection
	GlobalSection(ExtensibilityGlobals) = postSolution
		SolutionGuid = {BFC99673-7F9F-4C1D-84FA-3ABEF66B4B91}
	EndGlobalSection
EndGlobal
